
Microsoft Visual Studio Solution File, Format Version 12.00
# Visual Studio Version 17
VisualStudioVersion = 17.6.33723.286
MinimumVisualStudioVersion = 10.0.40219.1
Project("{FAE04EC0-301F-11D3-BF4B-00C04F79EFBC}") = "Zadanie_5", "Zadanie_5\Zadanie_5.csproj", "{30AFEA37-3EA2-42E6-9500-EF7BF6C9C058}"
EndProject
Global
	GlobalSection(SolutionConfigurationPlatforms) = preSolution
		Debug|Any CPU = Debug|Any CPU
		Release|Any CPU = Release|Any CPU
	EndGlobalSection
	GlobalSection(ProjectConfigurationPlatforms) = postSolution
		{30AFEA37-3EA2-42E6-9500-EF7BF6C9C058}.Debug|Any CPU.ActiveCfg = Debug|Any CPU
		{30AFEA37-3EA2-42E6-9500-EF7BF6C9C058}.Debug|Any CPU.Build.0 = Debug|Any CPU
		{30AFEA37-3EA2-42E6-9500-EF7BF6C9C058}.Release|Any CPU.ActiveCfg = Release|Any CPU
		{30AFEA37-3EA2-42E6-9500-EF7BF6C9C058}.Release|Any CPU.Build.0 = Release|Any CPU
	EndGlobalSection
	GlobalSection(SolutionProperties) = preSolution
		HideSolutionNode = FALSE
	EndGlobalSection
	GlobalSection(ExtensibilityGlobals) = postSolution
		SolutionGuid = {E686575A-E5E1-4E7B-BCBC-2CB1CF1C3DED}
	EndGlobalSection
EndGlobal
